
Microsoft Visual Studio Solution File, Format Version 12.00
# Visual Studio Version 17
VisualStudioVersion = 17.1.32421.90
MinimumVisualStudioVersion = 10.0.40219.1
Project("{FAE04EC0-301F-11D3-BF4B-00C04F79EFBC}") = "proyectoDB", "proyectoDB\proyectoDB.csproj", "{C8935B6C-8A82-4A2B-AB85-970D127053F0}"
EndProject
Global
	GlobalSection(SolutionConfigurationPlatforms) = preSolution
		Debug|Any CPU = Debug|Any CPU
		Release|Any CPU = Release|Any CPU
	EndGlobalSection
	GlobalSection(ProjectConfigurationPlatforms) = postSolution
		{C8935B6C-8A82-4A2B-AB85-970D127053F0}.Debug|Any CPU.ActiveCfg = Debug|Any CPU
		{C8935B6C-8A82-4A2B-AB85-970D127053F0}.Debug|Any CPU.Build.0 = Debug|Any CPU
		{C8935B6C-8A82-4A2B-AB85-970D127053F0}.Release|Any CPU.ActiveCfg = Release|Any CPU
		{C8935B6C-8A82-4A2B-AB85-970D127053F0}.Release|Any CPU.Build.0 = Release|Any CPU
	EndGlobalSection
	GlobalSection(SolutionProperties) = preSolution
		HideSolutionNode = FALSE
	EndGlobalSection
	GlobalSection(ExtensibilityGlobals) = postSolution
		SolutionGuid = {245C023B-33C2-4B60-88A1-D034C27858AF}
	EndGlobalSection
EndGlobal
